
Microsoft Visual Studio Solution File, Format Version 12.00
# Visual Studio 15
VisualStudioVersion = 15.0.26730.12
MinimumVisualStudioVersion = 10.0.40219.1
Project("{FAE04EC0-301F-11D3-BF4B-00C04F79EFBC}") = "Task1", "Task1\Task1.csproj", "{89E45381-7535-4143-A3DA-6A275CBCC292}"
EndProject
Project("{FAE04EC0-301F-11D3-BF4B-00C04F79EFBC}") = "Task2", "Task2\Task2.csproj", "{7AE2435D-379A-4BBB-B000-BD51D0792045}"
EndProject
Project("{FAE04EC0-301F-11D3-BF4B-00C04F79EFBC}") = "Task3", "Task3\Task3.csproj", "{D29BDBAB-3E12-410B-A848-895184FFAC8B}"
EndProject
Project("{FAE04EC0-301F-11D3-BF4B-00C04F79EFBC}") = "Task4", "Task4\Task4.csproj", "{4D97F31E-54E3-498F-8029-DEC85678331B}"
EndProject
Project("{FAE04EC0-301F-11D3-BF4B-00C04F79EFBC}") = "Task5", "Task5\Task5.csproj", "{D3561BC9-E479-401E-A929-1C2FE5FF9C0A}"
EndProject
Project("{FAE04EC0-301F-11D3-BF4B-00C04F79EFBC}") = "Task6", "Task6\Task6.csproj", "{1D1FA792-6662-4A33-A50B-141305FD96A2}"
EndProject
Project("{FAE04EC0-301F-11D3-BF4B-00C04F79EFBC}") = "Task7", "Task7\Task7.csproj", "{E4418447-81E6-4895-B090-A94B7E07073E}"
EndProject
Project("{FAE04EC0-301F-11D3-BF4B-00C04F79EFBC}") = "Task8", "Task8\Task8.csproj", "{925C5B65-6E07-480D-84BA-84415928F6E3}"
EndProject
Project("{FAE04EC0-301F-11D3-BF4B-00C04F79EFBC}") = "Task9", "Task9\Task9.csproj", "{EAA9F6D9-62D1-4042-8238-0D9E57B23472}"
EndProject
Global
	GlobalSection(SolutionConfigurationPlatforms) = preSolution
		Debug|Any CPU = Debug|Any CPU
		Release|Any CPU = Release|Any CPU
	EndGlobalSection
	GlobalSection(ProjectConfigurationPlatforms) = postSolution
		{89E45381-7535-4143-A3DA-6A275CBCC292}.Debug|Any CPU.ActiveCfg = Debug|Any CPU
		{89E45381-7535-4143-A3DA-6A275CBCC292}.Debug|Any CPU.Build.0 = Debug|Any CPU
		{89E45381-7535-4143-A3DA-6A275CBCC292}.Release|Any CPU.ActiveCfg = Release|Any CPU
		{89E45381-7535-4143-A3DA-6A275CBCC292}.Release|Any CPU.Build.0 = Release|Any CPU
		{7AE2435D-379A-4BBB-B000-BD51D0792045}.Debug|Any CPU.ActiveCfg = Debug|Any CPU
		{7AE2435D-379A-4BBB-B000-BD51D0792045}.Debug|Any CPU.Build.0 = Debug|Any CPU
		{7AE2435D-379A-4BBB-B000-BD51D0792045}.Release|Any CPU.ActiveCfg = Release|Any CPU
		{7AE2435D-379A-4BBB-B000-BD51D0792045}.Release|Any CPU.Build.0 = Release|Any CPU
		{D29BDBAB-3E12-410B-A848-895184FFAC8B}.Debug|Any CPU.ActiveCfg = Debug|Any CPU
		{D29BDBAB-3E12-410B-A848-895184FFAC8B}.Debug|Any CPU.Build.0 = Debug|Any CPU
		{D29BDBAB-3E12-410B-A848-895184FFAC8B}.Release|Any CPU.ActiveCfg = Release|Any CPU
		{D29BDBAB-3E12-410B-A848-895184FFAC8B}.Release|Any CPU.Build.0 = Release|Any CPU
		{4D97F31E-54E3-498F-8029-DEC85678331B}.Debug|Any CPU.ActiveCfg = Debug|Any CPU
		{4D97F31E-54E3-498F-8029-DEC85678331B}.Debug|Any CPU.Build.0 = Debug|Any CPU
		{4D97F31E-54E3-498F-8029-DEC85678331B}.Release|Any CPU.ActiveCfg = Release|Any CPU
		{4D97F31E-54E3-498F-8029-DEC85678331B}.Release|Any CPU.Build.0 = Release|Any CPU
		{D3561BC9-E479-401E-A929-1C2FE5FF9C0A}.Debug|Any CPU.ActiveCfg = Debug|Any CPU
		{D3561BC9-E479-401E-A929-1C2FE5FF9C0A}.Debug|Any CPU.Build.0 = Debug|Any CPU
		{D3561BC9-E479-401E-A929-1C2FE5FF9C0A}.Release|Any CPU.ActiveCfg = Release|Any CPU
		{D3561BC9-E479-401E-A929-1C2FE5FF9C0A}.Release|Any CPU.Build.0 = Release|Any CPU
		{1D1FA792-6662-4A33-A50B-141305FD96A2}.Debug|Any CPU.ActiveCfg = Debug|Any CPU
		{1D1FA792-6662-4A33-A50B-141305FD96A2}.Debug|Any CPU.Build.0 = Debug|Any CPU
		{1D1FA792-6662-4A33-A50B-141305FD96A2}.Release|Any CPU.ActiveCfg = Release|Any CPU
		{1D1FA792-6662-4A33-A50B-141305FD96A2}.Release|Any CPU.Build.0 = Release|Any CPU
		{E4418447-81E6-4895-B090-A94B7E07073E}.Debug|Any CPU.ActiveCfg = Debug|Any CPU
		{E4418447-81E6-4895-B090-A94B7E07073E}.Debug|Any CPU.Build.0 = Debug|Any CPU
		{E4418447-81E6-4895-B090-A94B7E07073E}.Release|Any CPU.ActiveCfg = Release|Any CPU
		{E4418447-81E6-4895-B090-A94B7E07073E}.Release|Any CPU.Build.0 = Release|Any CPU
		{925C5B65-6E07-480D-84BA-84415928F6E3}.Debug|Any CPU.ActiveCfg = Debug|Any CPU
		{925C5B65-6E07-480D-84BA-84415928F6E3}.Debug|Any CPU.Build.0 = Debug|Any CPU
		{925C5B65-6E07-480D-84BA-84415928F6E3}.Release|Any CPU.ActiveCfg = Release|Any CPU
		{925C5B65-6E07-480D-84BA-84415928F6E3}.Release|Any CPU.Build.0 = Release|Any CPU
		{EAA9F6D9-62D1-4042-8238-0D9E57B23472}.Debug|Any CPU.ActiveCfg = Debug|Any CPU
		{EAA9F6D9-62D1-4042-8238-0D9E57B23472}.Debug|Any CPU.Build.0 = Debug|Any CPU
		{EAA9F6D9-62D1-4042-8238-0D9E57B23472}.Release|Any CPU.ActiveCfg = Release|Any CPU
		{EAA9F6D9-62D1-4042-8238-0D9E57B23472}.Release|Any CPU.Build.0 = Release|Any CPU
	EndGlobalSection
	GlobalSection(SolutionProperties) = preSolution
		HideSolutionNode = FALSE
	EndGlobalSection
	GlobalSection(ExtensibilityGlobals) = postSolution
		SolutionGuid = {8B0FD3D9-AB72-41A2-A512-3B5817CB6FF3}
	EndGlobalSection
EndGlobal
